
Microsoft Visual Studio Solution File, Format Version 12.00
# Visual Studio Version 16
VisualStudioVersion = 16.0.29609.76
MinimumVisualStudioVersion = 10.0.40219.1
Project("{FAE04EC0-301F-11D3-BF4B-00C04F79EFBC}") = "Library301", "Library301\Library301.csproj", "{F2EADFD1-4D82-468F-880C-14A5B116C623}"
EndProject
Global
	GlobalSection(SolutionConfigurationPlatforms) = preSolution
		Debug|Any CPU = Debug|Any CPU
		Release|Any CPU = Release|Any CPU
	EndGlobalSection
	GlobalSection(ProjectConfigurationPlatforms) = postSolution
		{F2EADFD1-4D82-468F-880C-14A5B116C623}.Debug|Any CPU.ActiveCfg = Debug|Any CPU
		{F2EADFD1-4D82-468F-880C-14A5B116C623}.Debug|Any CPU.Build.0 = Debug|Any CPU
		{F2EADFD1-4D82-468F-880C-14A5B116C623}.Release|Any CPU.ActiveCfg = Release|Any CPU
		{F2EADFD1-4D82-468F-880C-14A5B116C623}.Release|Any CPU.Build.0 = Release|Any CPU
	EndGlobalSection
	GlobalSection(SolutionProperties) = preSolution
		HideSolutionNode = FALSE
	EndGlobalSection
	GlobalSection(ExtensibilityGlobals) = postSolution
		SolutionGuid = {F544B73E-2954-4683-A061-1CACDC5C1D50}
	EndGlobalSection
EndGlobal
